{
  "version": "3",
  "packages": {
    "specifiers": {
      "jsr:@oak/commons@^1.0": "jsr:@oak/commons@1.0.0",
      "jsr:@std/assert@^1.0": "jsr:@std/assert@1.0.5",
      "jsr:@std/bytes@^1.0": "jsr:@std/bytes@1.0.2",
      "jsr:@std/bytes@^1.0.2": "jsr:@std/bytes@1.0.2",
      "jsr:@std/crypto@^1.0": "jsr:@std/crypto@1.0.3",
      "jsr:@std/encoding@^1.0": "jsr:@std/encoding@1.0.5",
      "jsr:@std/encoding@^1.0.5": "jsr:@std/encoding@1.0.5",
      "jsr:@std/http@^1.0": "jsr:@std/http@1.0.6",
      "jsr:@std/io@0.224": "jsr:@std/io@0.224.8",
      "jsr:@std/media-types@^1.0": "jsr:@std/media-types@1.0.3",
      "jsr:@std/path@^1.0": "jsr:@std/path@1.0.5",
      "npm:@types/node": "npm:@types/node@18.16.19",
      "npm:path-to-regexp@6.2.1": "npm:path-to-regexp@6.2.1"
    },
    "jsr": {
      "@oak/commons@1.0.0": {
        "integrity": "49805b55603c3627a9d6235c0655aa2b6222d3036b3a13ff0380c16368f607ac",
        "dependencies": [
          "jsr:@std/assert@^1.0",
          "jsr:@std/bytes@^1.0",
          "jsr:@std/crypto@^1.0",
          "jsr:@std/encoding@^1.0",
          "jsr:@std/http@^1.0",
          "jsr:@std/media-types@^1.0"
        ]
      },
      "@std/assert@1.0.5": {
        "integrity": "e37da8e4033490ce613eec4ac1d78dba1faf5b02a3f6c573a28f15365b9b440f"
      },
      "@std/bytes@1.0.2": {
        "integrity": "fbdee322bbd8c599a6af186a1603b3355e59a5fb1baa139f8f4c3c9a1b3e3d57"
      },
      "@std/crypto@1.0.3": {
        "integrity": "a2a32f51ddef632d299e3879cd027c630dcd4d1d9a5285d6e6788072f4e51e7f"
      },
      "@std/encoding@1.0.5": {
        "integrity": "ecf363d4fc25bd85bd915ff6733a7e79b67e0e7806334af15f4645c569fefc04"
      },
      "@std/http@1.0.6": {
        "integrity": "20a6f3fa4a914fbb19ea96572f2519b656232597092581ed706cd865d842d0d0",
        "dependencies": [
          "jsr:@std/encoding@^1.0.5"
        ]
      },
      "@std/io@0.224.8": {
        "integrity": "f525d05d51fd873de6352b9afcf35cab9ab5dc448bf3c20e0c8b521ded9be392",
        "dependencies": [
          "jsr:@std/bytes@^1.0.2"
        ]
      },
      "@std/media-types@1.0.3": {
        "integrity": "b12d30a7852f7578f4d210622df713bbfd1cbdd9b4ec2eaf5c1845ab70bab159"
      },
      "@std/path@1.0.5": {
        "integrity": "846edda0b1811e6986bbad4a51a14556be52827bbe6df4ff5e4446301ea248e0"
      }
    },
    "npm": {
      "@types/node@18.16.19": {
        "integrity": "sha512-IXl7o+R9iti9eBW4Wg2hx1xQDig183jj7YLn8F7udNceyfkbn1ZxmzZXuak20gR40D7pIkIY1kYGx5VIGbaHKA==",
        "dependencies": {}
      },
      "path-to-regexp@6.2.1": {
        "integrity": "sha512-JLyh7xT1kizaEvcaXOQwOc2/Yhw6KZOvPf1S8401UyLk86CU79LN3vl7ztXGm/pZ+YjoyAJ4rxmHwbkBXJX+yw==",
        "dependencies": {}
      }
    }
  },
  "redirects": {
    "https://deno.land/x/oak/mod.ts": "https://deno.land/x/oak@v17.0.0/mod.ts"
  },
  "remote": {
    "https://deno.land/std@0.222.1/assert/assert.ts": "09d30564c09de846855b7b071e62b5974b001bb72a4b797958fe0660e7849834",
    "https://deno.land/std@0.222.1/assert/assertion_error.ts": "ba8752bd27ebc51f723702fac2f54d3e94447598f54264a6653d6413738a8917",
    "https://deno.land/std@0.222.1/dotenv/mod.ts": "0180eaeedaaf88647318811cdaa418cc64dc51fb08354f91f5f480d0a1309f7d",
    "https://deno.land/std@0.222.1/dotenv/parse.ts": "09977ff88dfd1f24f9973a338f0f91bbdb9307eb5ff6085446e7c423e4c7ba0c",
    "https://deno.land/std@0.222.1/dotenv/stringify.ts": "275da322c409170160440836342eaa7cf012a1d11a7e700d8ca4e7f2f8aa4615",
    "https://deno.land/std@0.222.1/fmt/colors.ts": "d239d84620b921ea520125d778947881f62c50e78deef2657073840b8af9559a",
    "https://deno.land/std@0.222.1/fs/exists.ts": "3d38cb7dcbca3cf313be343a7b8af18a87bddb4b5ca1bd2314be12d06533b50f",
    "https://deno.land/std@0.222.1/io/types.ts": "acecb3074c730b5ff487ba4fe9ce51e67bd982aa07c95e5f5679b7b2f24ad129",
    "https://deno.land/std@0.222.1/io/write_all.ts": "24aac2312bb21096ae3ae0b102b22c26164d3249dff96dbac130958aa736f038",
    "https://deno.land/std@0.222.1/log/_config.ts": "489e11b6d3c917bf5fc954c5e914c095d3480efd924d1e85f2fc576468581c54",
    "https://deno.land/std@0.222.1/log/_state.ts": "314c0c31ab9c8f4fb33326ad446757d35f75e5bb21746b7720ed4e3f3a939da1",
    "https://deno.land/std@0.222.1/log/base_handler.ts": "f03f013dac9c1a226aab60c6f5751b3131cc4f2808720715285e0dab5697a54e",
    "https://deno.land/std@0.222.1/log/console_handler.ts": "9b17b9025c7d94eab950a25eccca81fd9dd71d063b9f458f149e52db52ab0295",
    "https://deno.land/std@0.222.1/log/critical.ts": "a8b44a4c6768629d2a506ffe1a1a048da7ae76d3146000f8a492008eac4ecba0",
    "https://deno.land/std@0.222.1/log/debug.ts": "ddd63a549fedc3061deba47e41cd2170263831fc266e503a12b610b77439333b",
    "https://deno.land/std@0.222.1/log/error.ts": "3979ee3aadc962345ad50eff8a5470ad3fe07c70370808ddc178ee08c3d6c89c",
    "https://deno.land/std@0.222.1/log/file_handler.ts": "68d6d81ec53bdd6ba61eaceec19d12de59a8ad12ace0d7980a592a51f924a242",
    "https://deno.land/std@0.222.1/log/formatters.ts": "29e0325902c3b1cbb3b9ffc1f9d77ac2d2e5af35d27b9bdfe4fdbbd83588d4a8",
    "https://deno.land/std@0.222.1/log/get_logger.ts": "36a5febf5338f68aadafaf23bbe38a208e2a3150ec02ca2ec5d3c6bbaf840641",
    "https://deno.land/std@0.222.1/log/info.ts": "e6c4971e35092d85cd3241fe7eccdb42999083d14db6aadc5e741f6231e275ad",
    "https://deno.land/std@0.222.1/log/levels.ts": "632ba12baa2600750d004cc5cb4eabe10e410f3f2bdfcb9f7142b6d767f2fee6",
    "https://deno.land/std@0.222.1/log/logger.ts": "57109848fb587fb3843a7b893f22f1a86c1b78c289172627a6305906738f238a",
    "https://deno.land/std@0.222.1/log/mod.ts": "650c53c2c5d9eb05210c4ec54184ecb5bd24fb32ce28e65fad039853978f53f3",
    "https://deno.land/std@0.222.1/log/rotating_file_handler.ts": "a6e7c712e568b618303273ff95483f6ab86dec0a485c73c2e399765f752b5aa8",
    "https://deno.land/std@0.222.1/log/setup.ts": "42425c550da52c7def7f63a4fcc1ac01a4aec6c73336697a640978d6a324e7a6",
    "https://deno.land/std@0.222.1/log/warn.ts": "f1a6bc33a481f231a0257e6d66e26c2e695b931d5e917d8de4f2b825778dfd4e",
    "https://deno.land/x/oak@v17.0.0/application.ts": "f6b48422d3207a4cfbd4f535fd54999dc41e33a42e08447fe166fac8c0d07067",
    "https://deno.land/x/oak@v17.0.0/body.ts": "f84e31e923fdadc3463519a4ab5409083d00281ae4cae00b9594af3e808f3007",
    "https://deno.land/x/oak@v17.0.0/context.ts": "345cfdaa5a2310558ee0863f2fba5f9ba648188412b16ce342c33266c085f5d3",
    "https://deno.land/x/oak@v17.0.0/deps.ts": "b778c76e91d6d2afe6124981212b6dc3d0b195739ea01857a45396dc78812b59",
    "https://deno.land/x/oak@v17.0.0/http_server_bun.ts": "cb3a66c735cd0533c4c3776b37ae627ab42344c82f91dff63e3030d9656fd3a0",
    "https://deno.land/x/oak@v17.0.0/http_server_native.ts": "3bea00ebb9638203d2449fbf9a14a6b87f119bd45012f13282ececdf7b4c4242",
    "https://deno.land/x/oak@v17.0.0/http_server_native_request.ts": "a4da6f4939736e6323720db2d4b0d19ff2e83f02e52ab1eea9ae80f2c047fa56",
    "https://deno.land/x/oak@v17.0.0/http_server_node.ts": "9bb5291c15305b297fd634aa4c6b1d5054368f4b7a171d7c7c302c73eb2489ed",
    "https://deno.land/x/oak@v17.0.0/middleware.ts": "4170180fe5009d2581a0bdc995e5953b90ccb5b1c3767f3eae8a4fe238b8bd81",
    "https://deno.land/x/oak@v17.0.0/middleware/etag.ts": "34a31c3d1c0cafcf331361cc54a882e5c6efe5757e9ab9bad3b83412c31431bc",
    "https://deno.land/x/oak@v17.0.0/middleware/proxy.ts": "a0b4964509d4320735ffbe52ae2629c78e302dd9b934fcf2ddf189d491469892",
    "https://deno.land/x/oak@v17.0.0/middleware/serve.ts": "efceebd70afb73bcabe0a6a8981f3d8474a2f2f30e85b46761aee49e81bd9d6a",
    "https://deno.land/x/oak@v17.0.0/mod.ts": "38e53e01e609583e843f3e2b2677de9872d23d68939ce0de85b402e7a8db01a7",
    "https://deno.land/x/oak@v17.0.0/node_shims.ts": "4db1569b2b79b73f37c4d947f4aaa50a93e266d48fe67601c8a31af17a28884d",
    "https://deno.land/x/oak@v17.0.0/request.ts": "1e7f2c338cd6889b616bbdc9e2062eac27acbffde05c685adfb1c60ecc80682a",
    "https://deno.land/x/oak@v17.0.0/response.ts": "bc47174d3d797ffc802f40fba006c16de8390e776a36f6f4a4d4f58b278bf36f",
    "https://deno.land/x/oak@v17.0.0/router.ts": "882f36a576e280b0d617cc174feca320f02deed77bdea8264444ba8b55cc0422",
    "https://deno.land/x/oak@v17.0.0/send.ts": "a207e48ff384bf9713edfe4d1e35a89800c349b9b622d38a1f5512fd5b79e745",
    "https://deno.land/x/oak@v17.0.0/testing.ts": "2b80f231aa2207ecdee690da46e230d1e5375d95b268dfaa5205b2b2f6cc740f",
    "https://deno.land/x/oak@v17.0.0/types.ts": "cd4ccd3e182d0cba2117cd27f560267970470ab9c0ff6556cadd73f605193be7",
    "https://deno.land/x/oak@v17.0.0/utils/clone_state.ts": "cf8989ddd56816b36ada253ae0acdbd46cdf3d68dbe674d2b66c46640fab3500",
    "https://deno.land/x/oak@v17.0.0/utils/consts.ts": "137c4f73479f5e98a13153b9305f06f0d85df3cf2aacad2c9f82d4c1f3a2f105",
    "https://deno.land/x/oak@v17.0.0/utils/create_promise_with_resolvers.ts": "de99e9a998162b929a011f8873eaf0895cf4742492b3ce6f6866d39217342523",
    "https://deno.land/x/oak@v17.0.0/utils/decode_component.ts": "d3e2c40ecdd2fdb79761c6e9ae224cf01a4643f7c5f4c1e0b69698d43025261b",
    "https://deno.land/x/oak@v17.0.0/utils/encode_url.ts": "c0ed6b318eb9523adeebba32eb9acd059c0f94d3511b2b9e3b024722d1b3dfb8",
    "https://deno.land/x/oak@v17.0.0/utils/resolve_path.ts": "aa39d54a003b38fee55f340a0cba3f93a7af85b8ddd5fbfb049a98fc0109b36d",
    "https://deno.land/x/oak@v17.0.0/utils/streams.ts": "6d55543fdeddc3c9c6f512de227b9b33ff4b0ec5e320edc109f0cbf9bef8963f",
    "https://deno.land/x/oak@v17.0.0/utils/type_guards.ts": "a1b42aa4c431c4c07d3f8a45a2142020f86d5a3e1e319af94fdf2f4c6c72465f",
    "https://deno.land/x/run_simple@2.3.0/mod.ts": "a8b8965264d093a0799db970379a746e5e336d74f10a1681250dfeb2c6077721",
    "https://deno.land/x/run_simple@2.3.0/src/fn.ts": "8e5f2cf8d95b07dd6086d81bd188b2d82ebbcb8ae27799945a5560d0154c58ef",
    "https://deno.land/x/run_simple@2.3.0/src/os.ts": "47820a9a43f99006ef8e6a0c4c353406cda1155e18b6ced50d0863c2a11863e9",
    "https://deno.land/x/run_simple@2.3.0/src/run.ts": "95f3ae42d2b2e18cfdf4e11d01745bfa68e4ec38eff6f7c1890065bcf5db6c2d"
  }
}
