{
  "version": "3",
  "remote": {
    "https://deno.land/std@0.222.1/assert/assert.ts": "09d30564c09de846855b7b071e62b5974b001bb72a4b797958fe0660e7849834",
    "https://deno.land/std@0.222.1/assert/assertion_error.ts": "ba8752bd27ebc51f723702fac2f54d3e94447598f54264a6653d6413738a8917",
    "https://deno.land/std@0.222.1/dotenv/mod.ts": "0180eaeedaaf88647318811cdaa418cc64dc51fb08354f91f5f480d0a1309f7d",
    "https://deno.land/std@0.222.1/dotenv/parse.ts": "09977ff88dfd1f24f9973a338f0f91bbdb9307eb5ff6085446e7c423e4c7ba0c",
    "https://deno.land/std@0.222.1/dotenv/stringify.ts": "275da322c409170160440836342eaa7cf012a1d11a7e700d8ca4e7f2f8aa4615",
    "https://deno.land/std@0.222.1/fmt/colors.ts": "d239d84620b921ea520125d778947881f62c50e78deef2657073840b8af9559a",
    "https://deno.land/std@0.222.1/fs/exists.ts": "3d38cb7dcbca3cf313be343a7b8af18a87bddb4b5ca1bd2314be12d06533b50f",
    "https://deno.land/std@0.222.1/io/types.ts": "acecb3074c730b5ff487ba4fe9ce51e67bd982aa07c95e5f5679b7b2f24ad129",
    "https://deno.land/std@0.222.1/io/write_all.ts": "24aac2312bb21096ae3ae0b102b22c26164d3249dff96dbac130958aa736f038",
    "https://deno.land/std@0.222.1/log/_config.ts": "489e11b6d3c917bf5fc954c5e914c095d3480efd924d1e85f2fc576468581c54",
    "https://deno.land/std@0.222.1/log/_state.ts": "314c0c31ab9c8f4fb33326ad446757d35f75e5bb21746b7720ed4e3f3a939da1",
    "https://deno.land/std@0.222.1/log/base_handler.ts": "f03f013dac9c1a226aab60c6f5751b3131cc4f2808720715285e0dab5697a54e",
    "https://deno.land/std@0.222.1/log/console_handler.ts": "9b17b9025c7d94eab950a25eccca81fd9dd71d063b9f458f149e52db52ab0295",
    "https://deno.land/std@0.222.1/log/critical.ts": "a8b44a4c6768629d2a506ffe1a1a048da7ae76d3146000f8a492008eac4ecba0",
    "https://deno.land/std@0.222.1/log/debug.ts": "ddd63a549fedc3061deba47e41cd2170263831fc266e503a12b610b77439333b",
    "https://deno.land/std@0.222.1/log/error.ts": "3979ee3aadc962345ad50eff8a5470ad3fe07c70370808ddc178ee08c3d6c89c",
    "https://deno.land/std@0.222.1/log/file_handler.ts": "68d6d81ec53bdd6ba61eaceec19d12de59a8ad12ace0d7980a592a51f924a242",
    "https://deno.land/std@0.222.1/log/formatters.ts": "29e0325902c3b1cbb3b9ffc1f9d77ac2d2e5af35d27b9bdfe4fdbbd83588d4a8",
    "https://deno.land/std@0.222.1/log/get_logger.ts": "36a5febf5338f68aadafaf23bbe38a208e2a3150ec02ca2ec5d3c6bbaf840641",
    "https://deno.land/std@0.222.1/log/info.ts": "e6c4971e35092d85cd3241fe7eccdb42999083d14db6aadc5e741f6231e275ad",
    "https://deno.land/std@0.222.1/log/levels.ts": "632ba12baa2600750d004cc5cb4eabe10e410f3f2bdfcb9f7142b6d767f2fee6",
    "https://deno.land/std@0.222.1/log/logger.ts": "57109848fb587fb3843a7b893f22f1a86c1b78c289172627a6305906738f238a",
    "https://deno.land/std@0.222.1/log/mod.ts": "650c53c2c5d9eb05210c4ec54184ecb5bd24fb32ce28e65fad039853978f53f3",
    "https://deno.land/std@0.222.1/log/rotating_file_handler.ts": "a6e7c712e568b618303273ff95483f6ab86dec0a485c73c2e399765f752b5aa8",
    "https://deno.land/std@0.222.1/log/setup.ts": "42425c550da52c7def7f63a4fcc1ac01a4aec6c73336697a640978d6a324e7a6",
    "https://deno.land/std@0.222.1/log/warn.ts": "f1a6bc33a481f231a0257e6d66e26c2e695b931d5e917d8de4f2b825778dfd4e",
    "https://deno.land/x/run_simple@2.3.0/mod.ts": "a8b8965264d093a0799db970379a746e5e336d74f10a1681250dfeb2c6077721",
    "https://deno.land/x/run_simple@2.3.0/src/fn.ts": "8e5f2cf8d95b07dd6086d81bd188b2d82ebbcb8ae27799945a5560d0154c58ef",
    "https://deno.land/x/run_simple@2.3.0/src/os.ts": "47820a9a43f99006ef8e6a0c4c353406cda1155e18b6ced50d0863c2a11863e9",
    "https://deno.land/x/run_simple@2.3.0/src/run.ts": "95f3ae42d2b2e18cfdf4e11d01745bfa68e4ec38eff6f7c1890065bcf5db6c2d"
  }
}
